schema: '2.0'
stages:
  ingest:
    cmd: python pipeline/ingest_data.py
    deps:
    - path: ../data/raw
      hash: md5
      md5: ccc0de273905a430705433e50eabb6a1.dir
      size: 3920909
      nfiles: 16
    - path: pipeline/ingest_data.py
      hash: md5
      md5: 32fa30fd8a86c46e0809cd051637149f
      size: 5526
    outs:
    - path: data/interim/dataset_manifest.csv
      hash: md5
      md5: 86441e1ed26eeea39e53da789eda6ca1
      size: 2810
    - path: data/interim/dataset_manifest.json
      hash: md5
      md5: 8b16124e2929f97164bdfbe1a842eb2f
      size: 6198
  preprocess:
    cmd: python pipeline/preprocess_data.py
    deps:
    - path: ../data/raw
      hash: md5
      md5: ccc0de273905a430705433e50eabb6a1.dir
      size: 3920909
      nfiles: 16
    - path: data/interim/dataset_manifest.csv
      hash: md5
      md5: 86441e1ed26eeea39e53da789eda6ca1
      size: 2810
    - path: data/interim/dataset_manifest.json
      hash: md5
      md5: 8b16124e2929f97164bdfbe1a842eb2f
      size: 6198
    - path: pipeline/preprocess_data.py
      hash: md5
      md5: d6cd9bbd71268da75699a105020138e1
      size: 10562
    outs:
    - path: data/processed/assignment_costs.csv
      hash: md5
      md5: 18a0b76f0f4f9a2c994faf535d579c39
      size: 7742669
    - path: data/processed/assignment_costs.json
      hash: md5
      md5: ceaa4588c10de1de2566f40331a20a4f
      size: 39244419
    - path: data/processed/customers.csv
      hash: md5
      md5: 86099449137c83ef5cfb42ec614d3ef6
      size: 167376
    - path: data/processed/customers.json
      hash: md5
      md5: 7b5b099492a58294e3e560fc09e1806a
      size: 671294
    - path: data/processed/facilities.csv
      hash: md5
      md5: 28dca572fdcd2039ff76112cdaf4f3e7
      size: 12102
    - path: data/processed/facilities.json
      hash: md5
      md5: 731da411a69c31582409cbd7efe5f1ea
      size: 60541
    - path: data/processed/instances.csv
      hash: md5
      md5: 15b1568dc11209ed28f420862887ea09
      size: 892
    - path: data/processed/instances.json
      hash: md5
      md5: c174708bbfdfc8d3d2db8b19e167c76f
      size: 4071
  features:
    cmd: python pipeline/engineer_features.py
    deps:
    - path: data/processed/assignment_costs.csv
      hash: md5
      md5: 18a0b76f0f4f9a2c994faf535d579c39
      size: 7742669
    - path: data/processed/customers.csv
      hash: md5
      md5: 86099449137c83ef5cfb42ec614d3ef6
      size: 167376
    - path: data/processed/facilities.csv
      hash: md5
      md5: 28dca572fdcd2039ff76112cdaf4f3e7
      size: 12102
    - path: data/processed/instances.csv
      hash: md5
      md5: 15b1568dc11209ed28f420862887ea09
      size: 892
    - path: pipeline/engineer_features.py
      hash: md5
      md5: 73c1b5d08ebbf8fcba0e22791cc68843
      size: 12827
    outs:
    - path: data/features/customer_features.csv
      hash: md5
      md5: f6bd2f7f5bd6a78f321013b7ae80531c
      size: 459188
    - path: data/features/customer_features.json
      hash: md5
      md5: d9a1c66b654368618666518192b8973e
      size: 1578593
    - path: data/features/customer_features.parquet
      hash: md5
      md5: fe5d50aaaf11a831a0d56cf406a777ca
      size: 214707
    - path: data/features/facility_features.csv
      hash: md5
      md5: ecd2d0bb4eeff7eb17b3326c400570e1
      size: 92588
    - path: data/features/facility_features.json
      hash: md5
      md5: 37066745a8dc48db7dcdae63666a0b1c
      size: 355261
    - path: data/features/facility_features.parquet
      hash: md5
      md5: 261ab38cfd54dde198664d55bb42fdd2
      size: 35749
    - path: data/features/instance_features.csv
      hash: md5
      md5: 18de9f0cc497ddbdbf3f2e2bbf3ac940
      size: 2744
    - path: data/features/instance_features.json
      hash: md5
      md5: 9ab87a3281d9afd4de5828d913f8a16a
      size: 9604
    - path: data/features/instance_features.parquet
      hash: md5
      md5: c4f53c16e6941eb587e6c533367a8ac6
      size: 12313
  validate:
    cmd: python pipeline/validate_data.py
    deps:
    - path: data/features/customer_features.csv
      hash: md5
      md5: f6bd2f7f5bd6a78f321013b7ae80531c
      size: 459188
    - path: data/features/facility_features.csv
      hash: md5
      md5: ecd2d0bb4eeff7eb17b3326c400570e1
      size: 92588
    - path: data/features/instance_features.csv
      hash: md5
      md5: 18de9f0cc497ddbdbf3f2e2bbf3ac940
      size: 2744
    - path: data/interim/dataset_manifest.csv
      hash: md5
      md5: 86441e1ed26eeea39e53da789eda6ca1
      size: 2810
    - path: data/interim/dataset_manifest.json
      hash: md5
      md5: 8b16124e2929f97164bdfbe1a842eb2f
      size: 6198
    - path: data/processed/assignment_costs.csv
      hash: md5
      md5: 18a0b76f0f4f9a2c994faf535d579c39
      size: 7742669
    - path: data/processed/customers.csv
      hash: md5
      md5: 86099449137c83ef5cfb42ec614d3ef6
      size: 167376
    - path: data/processed/facilities.csv
      hash: md5
      md5: 28dca572fdcd2039ff76112cdaf4f3e7
      size: 12102
    - path: data/processed/instances.csv
      hash: md5
      md5: 15b1568dc11209ed28f420862887ea09
      size: 892
    - path: pipeline/validate_data.py
      hash: md5
      md5: 020584620c57256186ec8f97a0442d98
      size: 13685
    - path: schema/feature_schema.json
      hash: md5
      md5: dd642af9939eab6bad97704e9135b156
      size: 3755
    - path: schema/processed_schema.json
      hash: md5
      md5: 940a31b4de92351eee18779d65f4b83c
      size: 2178
    - path: schema/raw_schema.json
      hash: md5
      md5: c0f3242f2af683a11b96564887b22205
      size: 495
    outs:
    - path: reports/stats/feature_statistics.json
      hash: md5
      md5: fa62382223a11c4c32763a44f7844e51
      size: 6269
    - path: reports/stats/processed_statistics.json
      hash: md5
      md5: b7cd91e1b9eac8843f201df79e045e2d
      size: 3185
    - path: reports/stats/raw_statistics.json
      hash: md5
      md5: e3e4d1bd7d7c31ab8dda9bf7df5fde63
      size: 728
    - path: reports/validation/anomalies.json
      hash: md5
      md5: 865d96be45159e3f1d28db5afbf884b4
      size: 23
    - path: reports/validation/anomalies.txt
      hash: md5
      md5: ce6bff03312ab7a99e87d28c94f7ad02
      size: 22
    - path: reports/validation/validation_summary.json
      hash: md5
      md5: 70b77dd73fbe4b00b3689b5e7037450f
      size: 351
